// !$*UTF8*$!
{
	archiveVersion = 1;
	classes = {
	};
	objectVersion = 46;
	objects = {

/* Begin PBXBuildFile section */
		03B8F0050708E8966D4CCFBC /* Pods_together.framework in Frameworks */ = {isa = PBXBuildFile; fileRef = 419035FA1DF494BFF8ACF1C1 /* Pods_together.framework */; };
		DD306D8F1E2BE6D20036EB4A /* Base.lproj in Resources */ = {isa = PBXBuildFile; fileRef = DD306D8E1E2BE6D20036EB4A /* Base.lproj */; };
		DD306D921E2BEEEE0036EB4A /* LoginViewController.swift in Sources */ = {isa = PBXBuildFile; fileRef = DD306D901E2BEEEE0036EB4A /* LoginViewController.swift */; };
		DD306D931E2BEEEE0036EB4A /* RegistrationViewController.swift in Sources */ = {isa = PBXBuildFile; fileRef = DD306D911E2BEEEE0036EB4A /* RegistrationViewController.swift */; };
		DD3E8C3E1E3255810067F3A3 /* Event.swift in Sources */ = {isa = PBXBuildFile; fileRef = DD3E8C3D1E3255810067F3A3 /* Event.swift */; };
		DD3E8C401E3258970067F3A3 /* EventRepositories.swift in Sources */ = {isa = PBXBuildFile; fileRef = DD3E8C3F1E3258970067F3A3 /* EventRepositories.swift */; };
		DD3E8C421E325F2C0067F3A3 /* GoogleService-Info.plist in Resources */ = {isa = PBXBuildFile; fileRef = DD3E8C411E325F2C0067F3A3 /* GoogleService-Info.plist */; };
		DD6D8ADF1E3DF804002DA0C8 /* CreateNewEventViewController.swift in Sources */ = {isa = PBXBuildFile; fileRef = DD6D8ADE1E3DF804002DA0C8 /* CreateNewEventViewController.swift */; };
		DD7E7ED41E3E1AF10003A46F /* eventMaper.swift in Sources */ = {isa = PBXBuildFile; fileRef = DD7E7ED31E3E1AF10003A46F /* eventMaper.swift */; };
		DD7E7ED61E3E21B00003A46F /* userMaper.swift in Sources */ = {isa = PBXBuildFile; fileRef = DD7E7ED51E3E21B00003A46F /* userMaper.swift */; };
		DD91C7CE1E323AAD0066CF8E /* CollectionViewCell.swift in Sources */ = {isa = PBXBuildFile; fileRef = DD91C7CD1E323AAD0066CF8E /* CollectionViewCell.swift */; };
		DD999D091E33A79900FF787A /* EventViewController.swift in Sources */ = {isa = PBXBuildFile; fileRef = DD999D081E33A79900FF787A /* EventViewController.swift */; };
		DDA899831E377E24002D2069 /* NewsTableViewCell.swift in Sources */ = {isa = PBXBuildFile; fileRef = DDA899821E377E24002D2069 /* NewsTableViewCell.swift */; };
		DDA899851E379310002D2069 /* settingsViewController.swift in Sources */ = {isa = PBXBuildFile; fileRef = DDA899841E379310002D2069 /* settingsViewController.swift */; };
		DDA899871E379631002D2069 /* Main.storyboard in Resources */ = {isa = PBXBuildFile; fileRef = DDA899861E379631002D2069 /* Main.storyboard */; };
		DDBFA9001E27B02A0040FEE1 /* AppDelegate.swift in Sources */ = {isa = PBXBuildFile; fileRef = DDBFA8FF1E27B02A0040FEE1 /* AppDelegate.swift */; };
		DDBFA9071E27B02A0040FEE1 /* Assets.xcassets in Resources */ = {isa = PBXBuildFile; fileRef = DDBFA9061E27B02A0040FEE1 /* Assets.xcassets */; };
		DDBFA90A1E27B02A0040FEE1 /* LaunchScreen.storyboard in Resources */ = {isa = PBXBuildFile; fileRef = DDBFA9081E27B02A0040FEE1 /* LaunchScreen.storyboard */; };
		DDD256661E3619FA003180BA /* NewsViewController.swift in Sources */ = {isa = PBXBuildFile; fileRef = DDD256651E3619FA003180BA /* NewsViewController.swift */; };
		DDD256681E361A7F003180BA /* ContributionViewController.swift in Sources */ = {isa = PBXBuildFile; fileRef = DDD256671E361A7F003180BA /* ContributionViewController.swift */; };
		DDE799411E2E812E00F93B6C /* FeedViewController.swift in Sources */ = {isa = PBXBuildFile; fileRef = DDE799401E2E812E00F93B6C /* FeedViewController.swift */; };
		DDEA9FA11E2D21B700A943FF /* UserRepositories.swift in Sources */ = {isa = PBXBuildFile; fileRef = DDEA9FA01E2D21B700A943FF /* UserRepositories.swift */; };
		DDEA9FA31E2D23F200A943FF /* User.swift in Sources */ = {isa = PBXBuildFile; fileRef = DDEA9FA21E2D23F200A943FF /* User.swift */; };
/* End PBXBuildFile section */

/* Begin PBXFileReference section */
		419035FA1DF494BFF8ACF1C1 /* Pods_together.framework */ = {isa = PBXFileReference; explicitFileType = wrapper.framework; includeInIndex = 0; path = Pods_together.framework; sourceTree = BUILT_PRODUCTS_DIR; };
		72E54767793A9E520F945689 /* Pods-together.debug.xcconfig */ = {isa = PBXFileReference; includeInIndex = 1; lastKnownFileType = text.xcconfig; name = "Pods-together.debug.xcconfig"; path = "Pods/Target Support Files/Pods-together/Pods-together.debug.xcconfig"; sourceTree = "<group>"; };
		A5F596E73BD75E0EB1454B0F /* Pods-together.release.xcconfig */ = {isa = PBXFileReference; includeInIndex = 1; lastKnownFileType = text.xcconfig; name = "Pods-together.release.xcconfig"; path = "Pods/Target Support Files/Pods-together/Pods-together.release.xcconfig"; sourceTree = "<group>"; };
		DD306D8E1E2BE6D20036EB4A /* Base.lproj */ = {isa = PBXFileReference; lastKnownFileType = folder; name = Base.lproj; path = together/Base.lproj; sourceTree = "<group>"; };
		DD306D901E2BEEEE0036EB4A /* LoginViewController.swift */ = {isa = PBXFileReference; fileEncoding = 4; lastKnownFileType = sourcecode.swift; path = LoginViewController.swift; sourceTree = "<group>"; };
		DD306D911E2BEEEE0036EB4A /* RegistrationViewController.swift */ = {isa = PBXFileReference; fileEncoding = 4; lastKnownFileType = sourcecode.swift; path = RegistrationViewController.swift; sourceTree = "<group>"; };
		DD306D971E2BF5610036EB4A /* Roboto-Medium.ttf */ = {isa = PBXFileReference; lastKnownFileType = file; name = "Roboto-Medium.ttf"; path = "../../../Downloads/roboto-3 2/Roboto-Medium.ttf"; sourceTree = "<group>"; };
		DD306D981E2BF5610036EB4A /* Roboto-Regular.ttf */ = {isa = PBXFileReference; lastKnownFileType = file; name = "Roboto-Regular.ttf"; path = "../../../Downloads/roboto-3 2/Roboto-Regular.ttf"; sourceTree = "<group>"; };
		DD3E8C3D1E3255810067F3A3 /* Event.swift */ = {isa = PBXFileReference; fileEncoding = 4; lastKnownFileType = sourcecode.swift; path = Event.swift; sourceTree = "<group>"; };
		DD3E8C3F1E3258970067F3A3 /* EventRepositories.swift */ = {isa = PBXFileReference; fileEncoding = 4; lastKnownFileType = sourcecode.swift; path = EventRepositories.swift; sourceTree = "<group>"; };
		DD3E8C411E325F2C0067F3A3 /* GoogleService-Info.plist */ = {isa = PBXFileReference; fileEncoding = 4; lastKnownFileType = text.plist.xml; path = "GoogleService-Info.plist"; sourceTree = "<group>"; };
		DD6D8ADE1E3DF804002DA0C8 /* CreateNewEventViewController.swift */ = {isa = PBXFileReference; fileEncoding = 4; lastKnownFileType = sourcecode.swift; path = CreateNewEventViewController.swift; sourceTree = "<group>"; };
		DD7E7ED31E3E1AF10003A46F /* eventMaper.swift */ = {isa = PBXFileReference; fileEncoding = 4; lastKnownFileType = sourcecode.swift; path = eventMaper.swift; sourceTree = "<group>"; };
		DD7E7ED51E3E21B00003A46F /* userMaper.swift */ = {isa = PBXFileReference; fileEncoding = 4; lastKnownFileType = sourcecode.swift; path = userMaper.swift; sourceTree = "<group>"; };
		DD91C7CD1E323AAD0066CF8E /* CollectionViewCell.swift */ = {isa = PBXFileReference; fileEncoding = 4; lastKnownFileType = sourcecode.swift; path = CollectionViewCell.swift; sourceTree = "<group>"; };
		DD93297F1E2C12DC00F647BE /* together.entitlements */ = {isa = PBXFileReference; lastKnownFileType = text.plist.entitlements; path = together.entitlements; sourceTree = "<group>"; };
		DD999D081E33A79900FF787A /* EventViewController.swift */ = {isa = PBXFileReference; fileEncoding = 4; lastKnownFileType = sourcecode.swift; path = EventViewController.swift; sourceTree = "<group>"; };
		DD9DBF081E2E21D5003E7A2E /* together-Bridging-Header.h */ = {isa = PBXFileReference; lastKnownFileType = sourcecode.c.h; path = "together-Bridging-Header.h"; sourceTree = "<group>"; };
		DDA899821E377E24002D2069 /* NewsTableViewCell.swift */ = {isa = PBXFileReference; fileEncoding = 4; lastKnownFileType = sourcecode.swift; path = NewsTableViewCell.swift; sourceTree = "<group>"; };
		DDA899841E379310002D2069 /* settingsViewController.swift */ = {isa = PBXFileReference; fileEncoding = 4; lastKnownFileType = sourcecode.swift; path = settingsViewController.swift; sourceTree = "<group>"; };
		DDA899861E379631002D2069 /* Main.storyboard */ = {isa = PBXFileReference; fileEncoding = 4; lastKnownFileType = file.storyboard; name = Main.storyboard; path = Base.lproj/Main.storyboard; sourceTree = "<group>"; };
		DDBFA8FC1E27B02A0040FEE1 /* together.app */ = {isa = PBXFileReference; explicitFileType = wrapper.application; includeInIndex = 0; path = together.app; sourceTree = BUILT_PRODUCTS_DIR; };
		DDBFA8FF1E27B02A0040FEE1 /* AppDelegate.swift */ = {isa = PBXFileReference; lastKnownFileType = sourcecode.swift; path = AppDelegate.swift; sourceTree = "<group>"; };
		DDBFA9061E27B02A0040FEE1 /* Assets.xcassets */ = {isa = PBXFileReference; lastKnownFileType = folder.assetcatalog; path = Assets.xcassets; sourceTree = "<group>"; };
		DDBFA9091E27B02A0040FEE1 /* Base */ = {isa = PBXFileReference; lastKnownFileType = file.storyboard; name = Base; path = Base.lproj/LaunchScreen.storyboard; sourceTree = "<group>"; };
		DDBFA90B1E27B02A0040FEE1 /* Info.plist */ = {isa = PBXFileReference; lastKnownFileType = text.plist.xml; path = Info.plist; sourceTree = "<group>"; };
		DDD256651E3619FA003180BA /* NewsViewController.swift */ = {isa = PBXFileReference; fileEncoding = 4; lastKnownFileType = sourcecode.swift; path = NewsViewController.swift; sourceTree = "<group>"; };
		DDD256671E361A7F003180BA /* ContributionViewController.swift */ = {isa = PBXFileReference; fileEncoding = 4; lastKnownFileType = sourcecode.swift; path = ContributionViewController.swift; sourceTree = "<group>"; };
		DDE799401E2E812E00F93B6C /* FeedViewController.swift */ = {isa = PBXFileReference; fileEncoding = 4; lastKnownFileType = sourcecode.swift; path = FeedViewController.swift; sourceTree = "<group>"; };
		DDEA9FA01E2D21B700A943FF /* UserRepositories.swift */ = {isa = PBXFileReference; fileEncoding = 4; lastKnownFileType = sourcecode.swift; path = UserRepositories.swift; sourceTree = "<group>"; };
		DDEA9FA21E2D23F200A943FF /* User.swift */ = {isa = PBXFileReference; fileEncoding = 4; lastKnownFileType = sourcecode.swift; path = User.swift; sourceTree = "<group>"; };
/* End PBXFileReference section */

/* Begin PBXFrameworksBuildPhase section */
		DDBFA8F91E27B02A0040FEE1 /* Frameworks */ = {
			isa = PBXFrameworksBuildPhase;
			buildActionMask = 2147483647;
			files = (
				03B8F0050708E8966D4CCFBC /* Pods_together.framework in Frameworks */,
			);
			runOnlyForDeploymentPostprocessing = 0;
		};
/* End PBXFrameworksBuildPhase section */

/* Begin PBXGroup section */
		0C74758632B04E1E1206644C /* Frameworks */ = {
			isa = PBXGroup;
			children = (
				419035FA1DF494BFF8ACF1C1 /* Pods_together.framework */,
			);
			name = Frameworks;
			sourceTree = "<group>";
		};
		DD306D941E2BEF380036EB4A /* View */ = {
			isa = PBXGroup;
			children = (
				DD91C7CD1E323AAD0066CF8E /* CollectionViewCell.swift */,
				DDA899861E379631002D2069 /* Main.storyboard */,
				DDBFA9081E27B02A0040FEE1 /* LaunchScreen.storyboard */,
				DDA899821E377E24002D2069 /* NewsTableViewCell.swift */,
			);
			name = View;
			sourceTree = "<group>";
		};
		DD306D951E2BEF900036EB4A /* Controller */ = {
			isa = PBXGroup;
			children = (
				DD6D8ADE1E3DF804002DA0C8 /* CreateNewEventViewController.swift */,
				DD306D901E2BEEEE0036EB4A /* LoginViewController.swift */,
				DD306D911E2BEEEE0036EB4A /* RegistrationViewController.swift */,
				DDE799401E2E812E00F93B6C /* FeedViewController.swift */,
				DD999D081E33A79900FF787A /* EventViewController.swift */,
				DDD256651E3619FA003180BA /* NewsViewController.swift */,
				DDD256671E361A7F003180BA /* ContributionViewController.swift */,
				DDA899841E379310002D2069 /* settingsViewController.swift */,
			);
			name = Controller;
			sourceTree = "<group>";
		};
		DD306D961E2BEFAB0036EB4A /* Model */ = {
			isa = PBXGroup;
			children = (
				DDEA9FA21E2D23F200A943FF /* User.swift */,
				DD3E8C3D1E3255810067F3A3 /* Event.swift */,
			);
			name = Model;
			sourceTree = "<group>";
		};
		DD306D991E2BF5650036EB4A /* Fonts */ = {
			isa = PBXGroup;
			children = (
				DD306D971E2BF5610036EB4A /* Roboto-Medium.ttf */,
				DD306D981E2BF5610036EB4A /* Roboto-Regular.ttf */,
			);
			name = Fonts;
			sourceTree = "<group>";
		};
		DDB7F3691E3A6C7D00EF451A /* Mapers */ = {
			isa = PBXGroup;
			children = (
				DD7E7ED31E3E1AF10003A46F /* eventMaper.swift */,
				DD7E7ED51E3E21B00003A46F /* userMaper.swift */,
			);
			name = Mapers;
			sourceTree = "<group>";
		};
		DDBFA8F31E27B0290040FEE1 = {
			isa = PBXGroup;
			children = (
				DDBFA8FE1E27B02A0040FEE1 /* together */,
				DDBFA8FD1E27B02A0040FEE1 /* Products */,
				DD306D8E1E2BE6D20036EB4A /* Base.lproj */,
				FD201E2D3E9DDB1C891EE18C /* Pods */,
				0C74758632B04E1E1206644C /* Frameworks */,
			);
			sourceTree = "<group>";
		};
		DDBFA8FD1E27B02A0040FEE1 /* Products */ = {
			isa = PBXGroup;
			children = (
				DDBFA8FC1E27B02A0040FEE1 /* together.app */,
			);
			name = Products;
			sourceTree = "<group>";
		};
		DDBFA8FE1E27B02A0040FEE1 /* together */ = {
			isa = PBXGroup;
			children = (
				DD93297F1E2C12DC00F647BE /* together.entitlements */,
				DDB7F3691E3A6C7D00EF451A /* Mapers */,
				DDEA9F9F1E2D218100A943FF /* Repositories */,
				DD306D961E2BEFAB0036EB4A /* Model */,
				DD306D951E2BEF900036EB4A /* Controller */,
				DD306D941E2BEF380036EB4A /* View */,
				DDBFA8FF1E27B02A0040FEE1 /* AppDelegate.swift */,
				DDBFA9061E27B02A0040FEE1 /* Assets.xcassets */,
				DD306D991E2BF5650036EB4A /* Fonts */,
				DD3E8C411E325F2C0067F3A3 /* GoogleService-Info.plist */,
				DDBFA90B1E27B02A0040FEE1 /* Info.plist */,
				DD9DBF081E2E21D5003E7A2E /* together-Bridging-Header.h */,
			);
			path = together;
			sourceTree = "<group>";
		};
		DDEA9F9F1E2D218100A943FF /* Repositories */ = {
			isa = PBXGroup;
			children = (
				DDEA9FA01E2D21B700A943FF /* UserRepositories.swift */,
				DD3E8C3F1E3258970067F3A3 /* EventRepositories.swift */,
			);
			name = Repositories;
			sourceTree = "<group>";
		};
		FD201E2D3E9DDB1C891EE18C /* Pods */ = {
			isa = PBXGroup;
			children = (
				72E54767793A9E520F945689 /* Pods-together.debug.xcconfig */,
				A5F596E73BD75E0EB1454B0F /* Pods-together.release.xcconfig */,
			);
			name = Pods;
			sourceTree = "<group>";
		};
/* End PBXGroup section */

/* Begin PBXNativeTarget section */
		DDBFA8FB1E27B02A0040FEE1 /* together */ = {
			isa = PBXNativeTarget;
			buildConfigurationList = DDBFA90E1E27B02A0040FEE1 /* Build configuration list for PBXNativeTarget "together" */;
			buildPhases = (
				115ACB312A25ECFCCA1CAF06 /* [CP] Check Pods Manifest.lock */,
				DDBFA8F81E27B02A0040FEE1 /* Sources */,
				DDBFA8F91E27B02A0040FEE1 /* Frameworks */,
				DDBFA8FA1E27B02A0040FEE1 /* Resources */,
				54DE3571B0D1209975B6CD7A /* [CP] Embed Pods Frameworks */,
				8483923795AECABFBAE66BDB /* [CP] Copy Pods Resources */,
				DD9DBF0B1E2E667B003E7A2E /* ShellScript */,
			);
			buildRules = (
			);
			dependencies = (
			);
			name = together;
			productName = together;
			productReference = DDBFA8FC1E27B02A0040FEE1 /* together.app */;
			productType = "com.apple.product-type.application";
		};
/* End PBXNativeTarget section */

/* Begin PBXProject section */
		DDBFA8F41E27B0290040FEE1 /* Project object */ = {
			isa = PBXProject;
			attributes = {
				LastSwiftUpdateCheck = 0810;
				LastUpgradeCheck = 0810;
				ORGANIZATIONNAME = "Attractive Products";
				TargetAttributes = {
					DDBFA8FB1E27B02A0040FEE1 = {
						CreatedOnToolsVersion = 8.1;
						DevelopmentTeam = 995N6ZUQMV;
						LastSwiftMigration = 0810;
						ProvisioningStyle = Automatic;
						SystemCapabilities = {
							com.apple.Keychain = {
								enabled = 1;
							};
						};
					};
				};
			};
			buildConfigurationList = DDBFA8F71E27B02A0040FEE1 /* Build configuration list for PBXProject "together" */;
			compatibilityVersion = "Xcode 3.2";
			developmentRegion = English;
			hasScannedForEncodings = 0;
			knownRegions = (
				en,
				Base,
			);
			mainGroup = DDBFA8F31E27B0290040FEE1;
			productRefGroup = DDBFA8FD1E27B02A0040FEE1 /* Products */;
			projectDirPath = "";
			projectRoot = "";
			targets = (
				DDBFA8FB1E27B02A0040FEE1 /* together */,
			);
		};
/* End PBXProject section */

/* Begin PBXResourcesBuildPhase section */
		DDBFA8FA1E27B02A0040FEE1 /* Resources */ = {
			isa = PBXResourcesBuildPhase;
			buildActionMask = 2147483647;
			files = (
				DDA899871E379631002D2069 /* Main.storyboard in Resources */,
				DDBFA90A1E27B02A0040FEE1 /* LaunchScreen.storyboard in Resources */,
				DDBFA9071E27B02A0040FEE1 /* Assets.xcassets in Resources */,
				DD306D8F1E2BE6D20036EB4A /* Base.lproj in Resources */,
				DD3E8C421E325F2C0067F3A3 /* GoogleService-Info.plist in Resources */,
			);
			runOnlyForDeploymentPostprocessing = 0;
		};
/* End PBXResourcesBuildPhase section */

/* Begin PBXShellScriptBuildPhase section */
		115ACB312A25ECFCCA1CAF06 /* [CP] Check Pods Manifest.lock */ = {
			isa = PBXShellScriptBuildPhase;
			buildActionMask = 2147483647;
			files = (
			);
			inputPaths = (
			);
			name = "[CP] Check Pods Manifest.lock";
			outputPaths = (
			);
			runOnlyForDeploymentPostprocessing = 0;
			shellPath = /bin/sh;
			shellScript = "diff \"${PODS_ROOT}/../Podfile.lock\" \"${PODS_ROOT}/Manifest.lock\" > /dev/null\nif [ $? != 0 ] ; then\n    # print error to STDERR\n    echo \"error: The sandbox is not in sync with the Podfile.lock. Run 'pod install' or update your CocoaPods installation.\" >&2\n    exit 1\nfi\n";
			showEnvVarsInLog = 0;
		};
		54DE3571B0D1209975B6CD7A /* [CP] Embed Pods Frameworks */ = {
			isa = PBXShellScriptBuildPhase;
			buildActionMask = 2147483647;
			files = (
			);
			inputPaths = (
			);
			name = "[CP] Embed Pods Frameworks";
			outputPaths = (
			);
			runOnlyForDeploymentPostprocessing = 0;
			shellPath = /bin/sh;
			shellScript = "\"${SRCROOT}/Pods/Target Support Files/Pods-together/Pods-together-frameworks.sh\"\n";
			showEnvVarsInLog = 0;
		};
		8483923795AECABFBAE66BDB /* [CP] Copy Pods Resources */ = {
			isa = PBXShellScriptBuildPhase;
			buildActionMask = 2147483647;
			files = (
			);
			inputPaths = (
			);
			name = "[CP] Copy Pods Resources";
			outputPaths = (
			);
			runOnlyForDeploymentPostprocessing = 0;
			shellPath = /bin/sh;
			shellScript = "\"${SRCROOT}/Pods/Target Support Files/Pods-together/Pods-together-resources.sh\"\n";
			showEnvVarsInLog = 0;
		};
		DD9DBF0B1E2E667B003E7A2E /* ShellScript */ = {
			isa = PBXShellScriptBuildPhase;
			buildActionMask = 2147483647;
			files = (
			);
			inputPaths = (
			);
			outputPaths = (
			);
			runOnlyForDeploymentPostprocessing = 0;
			shellPath = /bin/sh;
			shellScript = "FILE=\"${SRCROOT}/HockeySDK-iOS/BuildAgent\"\nif [ -f \"$FILE\" ]; then\n\"$FILE\"\nfi";
		};
/* End PBXShellScriptBuildPhase section */

/* Begin PBXSourcesBuildPhase section */
		DDBFA8F81E27B02A0040FEE1 /* Sources */ = {
			isa = PBXSourcesBuildPhase;
			buildActionMask = 2147483647;
			files = (
				DD3E8C3E1E3255810067F3A3 /* Event.swift in Sources */,
				DD999D091E33A79900FF787A /* EventViewController.swift in Sources */,
				DD7E7ED41E3E1AF10003A46F /* eventMaper.swift in Sources */,
				DDEA9FA11E2D21B700A943FF /* UserRepositories.swift in Sources */,
				DDD256661E3619FA003180BA /* NewsViewController.swift in Sources */,
				DDE799411E2E812E00F93B6C /* FeedViewController.swift in Sources */,
				DDA899851E379310002D2069 /* settingsViewController.swift in Sources */,
				DD7E7ED61E3E21B00003A46F /* userMaper.swift in Sources */,
				DD3E8C401E3258970067F3A3 /* EventRepositories.swift in Sources */,
				DDD256681E361A7F003180BA /* ContributionViewController.swift in Sources */,
				DDA899831E377E24002D2069 /* NewsTableViewCell.swift in Sources */,
				DD306D921E2BEEEE0036EB4A /* LoginViewController.swift in Sources */,
				DD91C7CE1E323AAD0066CF8E /* CollectionViewCell.swift in Sources */,
				DD6D8ADF1E3DF804002DA0C8 /* CreateNewEventViewController.swift in Sources */,
				DD306D931E2BEEEE0036EB4A /* RegistrationViewController.swift in Sources */,
				DDEA9FA31E2D23F200A943FF /* User.swift in Sources */,
				DDBFA9001E27B02A0040FEE1 /* AppDelegate.swift in Sources */,
			);
			runOnlyForDeploymentPostprocessing = 0;
		};
/* End PBXSourcesBuildPhase section */

/* Begin PBXVariantGroup section */
		DDBFA9081E27B02A0040FEE1 /* LaunchScreen.storyboard */ = {
			isa = PBXVariantGroup;
			children = (
				DDBFA9091E27B02A0040FEE1 /* Base */,
			);
			name = LaunchScreen.storyboard;
			sourceTree = "<group>";
		};
/* End PBXVariantGroup section */

/* Begin XCBuildConfiguration section */
		DDBFA90C1E27B02A0040FEE1 /* Debug */ = {
			isa = XCBuildConfiguration;
			buildSettings = {
				ALWAYS_SEARCH_USER_PATHS = NO;
				CLANG_ANALYZER_NONNULL = YES;
				CLANG_CXX_LANGUAGE_STANDARD = "gnu++0x";
				CLANG_CXX_LIBRARY = "libc++";
				CLANG_ENABLE_MODULES = YES;
				CLANG_ENABLE_OBJC_ARC = YES;
				CLANG_WARN_BOOL_CONVERSION = YES;
				CLANG_WARN_CONSTANT_CONVERSION = YES;
				CLANG_WARN_DIRECT_OBJC_ISA_USAGE = YES_ERROR;
				CLANG_WARN_DOCUMENTATION_COMMENTS = YES;
				CLANG_WARN_EMPTY_BODY = YES;
				CLANG_WARN_ENUM_CONVERSION = YES;
				CLANG_WARN_INFINITE_RECURSION = YES;
				CLANG_WARN_INT_CONVERSION = YES;
				CLANG_WARN_OBJC_ROOT_CLASS = YES_ERROR;
				CLANG_WARN_SUSPICIOUS_MOVE = YES;
				CLANG_WARN_SUSPICIOUS_MOVES = YES;
				CLANG_WARN_UNREACHABLE_CODE = YES;
				CLANG_WARN__DUPLICATE_METHOD_MATCH = YES;
				"CODE_SIGN_IDENTITY[sdk=iphoneos*]" = "iPhone Developer";
				COPY_PHASE_STRIP = NO;
				DEBUG_INFORMATION_FORMAT = dwarf;
				ENABLE_STRICT_OBJC_MSGSEND = YES;
				ENABLE_TESTABILITY = YES;
				GCC_C_LANGUAGE_STANDARD = gnu99;
				GCC_DYNAMIC_NO_PIC = NO;
				GCC_NO_COMMON_BLOCKS = YES;
				GCC_OPTIMIZATION_LEVEL = 0;
				GCC_PREPROCESSOR_DEFINITIONS = (
					"DEBUG=1",
					"$(inherited)",
				);
				GCC_WARN_64_TO_32_BIT_CONVERSION = YES;
				GCC_WARN_ABOUT_RETURN_TYPE = YES_ERROR;
				GCC_WARN_UNDECLARED_SELECTOR = YES;
				GCC_WARN_UNINITIALIZED_AUTOS = YES_AGGRESSIVE;
				GCC_WARN_UNUSED_FUNCTION = YES;
				GCC_WARN_UNUSED_VARIABLE = YES;
				IPHONEOS_DEPLOYMENT_TARGET = 10.1;
				MTL_ENABLE_DEBUG_INFO = YES;
				ONLY_ACTIVE_ARCH = YES;
				SDKROOT = iphoneos;
				SWIFT_ACTIVE_COMPILATION_CONDITIONS = DEBUG;
				SWIFT_OPTIMIZATION_LEVEL = "-Onone";
			};
			name = Debug;
		};
		DDBFA90D1E27B02A0040FEE1 /* Release */ = {
			isa = XCBuildConfiguration;
			buildSettings = {
				ALWAYS_SEARCH_USER_PATHS = NO;
				CLANG_ANALYZER_NONNULL = YES;
				CLANG_CXX_LANGUAGE_STANDARD = "gnu++0x";
				CLANG_CXX_LIBRARY = "libc++";
				CLANG_ENABLE_MODULES = YES;
				CLANG_ENABLE_OBJC_ARC = YES;
				CLANG_WARN_BOOL_CONVERSION = YES;
				CLANG_WARN_CONSTANT_CONVERSION = YES;
				CLANG_WARN_DIRECT_OBJC_ISA_USAGE = YES_ERROR;
				CLANG_WARN_DOCUMENTATION_COMMENTS = YES;
				CLANG_WARN_EMPTY_BODY = YES;
				CLANG_WARN_ENUM_CONVERSION = YES;
				CLANG_WARN_INFINITE_RECURSION = YES;
				CLANG_WARN_INT_CONVERSION = YES;
				CLANG_WARN_OBJC_ROOT_CLASS = YES_ERROR;
				CLANG_WARN_SUSPICIOUS_MOVE = YES;
				CLANG_WARN_SUSPICIOUS_MOVES = YES;
				CLANG_WARN_UNREACHABLE_CODE = YES;
				CLANG_WARN__DUPLICATE_METHOD_MATCH = YES;
				"CODE_SIGN_IDENTITY[sdk=iphoneos*]" = "iPhone Developer";
				COPY_PHASE_STRIP = NO;
				DEBUG_INFORMATION_FORMAT = "dwarf-with-dsym";
				ENABLE_NS_ASSERTIONS = NO;
				ENABLE_STRICT_OBJC_MSGSEND = YES;
				GCC_C_LANGUAGE_STANDARD = gnu99;
				GCC_NO_COMMON_BLOCKS = YES;
				GCC_WARN_64_TO_32_BIT_CONVERSION = YES;
				GCC_WARN_ABOUT_RETURN_TYPE = YES_ERROR;
				GCC_WARN_UNDECLARED_SELECTOR = YES;
				GCC_WARN_UNINITIALIZED_AUTOS = YES_AGGRESSIVE;
				GCC_WARN_UNUSED_FUNCTION = YES;
				GCC_WARN_UNUSED_VARIABLE = YES;
				IPHONEOS_DEPLOYMENT_TARGET = 10.1;
				MTL_ENABLE_DEBUG_INFO = NO;
				SDKROOT = iphoneos;
				SWIFT_OPTIMIZATION_LEVEL = "-Owholemodule";
				VALIDATE_PRODUCT = YES;
			};
			name = Release;
		};
		DDBFA90F1E27B02A0040FEE1 /* Debug */ = {
			isa = XCBuildConfiguration;
			baseConfigurationReference = 72E54767793A9E520F945689 /* Pods-together.debug.xcconfig */;
			buildSettings = {
				ALWAYS_EMBED_SWIFT_STANDARD_LIBRARIES = YES;
				ASSETCATALOG_COMPILER_APPICON_NAME = AppIcon;
				CLANG_ENABLE_MODULES = YES;
				CODE_SIGN_ENTITLEMENTS = together/together.entitlements;
				DEVELOPMENT_TEAM = 995N6ZUQMV;
				INFOPLIST_FILE = together/Info.plist;
				LD_RUNPATH_SEARCH_PATHS = "$(inherited) @executable_path/Frameworks";
				PRODUCT_BUNDLE_IDENTIFIER = com.together;
				PRODUCT_NAME = "$(TARGET_NAME)";
				SWIFT_OBJC_BRIDGING_HEADER = "together/together-Bridging-Header.h";
				SWIFT_OPTIMIZATION_LEVEL = "-Onone";
				SWIFT_VERSION = 3.0;
			};
			name = Debug;
		};
		DDBFA9101E27B02A0040FEE1 /* Release */ = {
			isa = XCBuildConfiguration;
			baseConfigurationReference = A5F596E73BD75E0EB1454B0F /* Pods-together.release.xcconfig */;
			buildSettings = {
				ALWAYS_EMBED_SWIFT_STANDARD_LIBRARIES = YES;
				ASSETCATALOG_COMPILER_APPICON_NAME = AppIcon;
				CLANG_ENABLE_MODULES = YES;
				CODE_SIGN_ENTITLEMENTS = together/together.entitlements;
				DEVELOPMENT_TEAM = 995N6ZUQMV;
				INFOPLIST_FILE = together/Info.plist;
				LD_RUNPATH_SEARCH_PATHS = "$(inherited) @executable_path/Frameworks";
				PRODUCT_BUNDLE_IDENTIFIER = com.together;
				PRODUCT_NAME = "$(TARGET_NAME)";
				SWIFT_OBJC_BRIDGING_HEADER = "together/together-Bridging-Header.h";
				SWIFT_VERSION = 3.0;
			};
			name = Release;
		};
/* End XCBuildConfiguration section */

/* Begin XCConfigurationList section */
		DDBFA8F71E27B02A0040FEE1 /* Build configuration list for PBXProject "together" */ = {
			isa = XCConfigurationList;
			buildConfigurations = (
				DDBFA90C1E27B02A0040FEE1 /* Debug */,
				DDBFA90D1E27B02A0040FEE1 /* Release */,
			);
			defaultConfigurationIsVisible = 0;
			defaultConfigurationName = Release;
		};
		DDBFA90E1E27B02A0040FEE1 /* Build configuration list for PBXNativeTarget "together" */ = {
			isa = XCConfigurationList;
			buildConfigurations = (
				DDBFA90F1E27B02A0040FEE1 /* Debug */,
				DDBFA9101E27B02A0040FEE1 /* Release */,
			);
			defaultConfigurationIsVisible = 0;
			defaultConfigurationName = Release;
		};
/* End XCConfigurationList section */
	};
	rootObject = DDBFA8F41E27B0290040FEE1 /* Project object */;
}
